// !$*UTF8*$!
{
	archiveVersion = 1;
	classes = {
	};
	objectVersion = 50;
	objects = {

/* Begin PBXBuildFile section */
		F0F39BE42728498B0093CEEE /* AppDelegate.swift in Sources */ = {isa = PBXBuildFile; fileRef = F0F39BE32728498B0093CEEE /* AppDelegate.swift */; };
		F0F39BE62728498B0093CEEE /* SceneDelegate.swift in Sources */ = {isa = PBXBuildFile; fileRef = F0F39BE52728498B0093CEEE /* SceneDelegate.swift */; };
		F0F39BE82728498B0093CEEE /* AcromineViewController.swift in Sources */ = {isa = PBXBuildFile; fileRef = F0F39BE72728498B0093CEEE /* AcromineViewController.swift */; };
		F0F39BEB2728498B0093CEEE /* Main.storyboard in Resources */ = {isa = PBXBuildFile; fileRef = F0F39BE92728498B0093CEEE /* Main.storyboard */; };
		F0F39BED2728498C0093CEEE /* Assets.xcassets in Resources */ = {isa = PBXBuildFile; fileRef = F0F39BEC2728498C0093CEEE /* Assets.xcassets */; };
		F0F39BF02728498C0093CEEE /* LaunchScreen.storyboard in Resources */ = {isa = PBXBuildFile; fileRef = F0F39BEE2728498C0093CEEE /* LaunchScreen.storyboard */; };
		F0F39BFD27284B9C0093CEEE /* Model.swift in Sources */ = {isa = PBXBuildFile; fileRef = F0F39BFC27284B9C0093CEEE /* Model.swift */; };
		F0F39C0227285A090093CEEE /* AcromineViewMoel.swift in Sources */ = {isa = PBXBuildFile; fileRef = F0F39C0127285A090093CEEE /* AcromineViewMoel.swift */; };
		F0F39C0D27287EFE0093CEEE /* AcromineTests.swift in Sources */ = {isa = PBXBuildFile; fileRef = F0F39C0C27287EFE0093CEEE /* AcromineTests.swift */; };
		F0F39C19272886050093CEEE /* AcromineViewController.swift in Sources */ = {isa = PBXBuildFile; fileRef = F0F39BE72728498B0093CEEE /* AcromineViewController.swift */; };
		F0F39C1C272886080093CEEE /* AcromineViewMoel.swift in Sources */ = {isa = PBXBuildFile; fileRef = F0F39C0127285A090093CEEE /* AcromineViewMoel.swift */; };
		F0F39C1F2728860D0093CEEE /* Main.storyboard in Resources */ = {isa = PBXBuildFile; fileRef = F0F39BE92728498B0093CEEE /* Main.storyboard */; };
		F0F39C22272886110093CEEE /* LaunchScreen.storyboard in Resources */ = {isa = PBXBuildFile; fileRef = F0F39BEE2728498C0093CEEE /* LaunchScreen.storyboard */; };
		F0F39C25272886160093CEEE /* Model.swift in Sources */ = {isa = PBXBuildFile; fileRef = F0F39BFC27284B9C0093CEEE /* Model.swift */; };
		F0F39C282728861B0093CEEE /* AppDelegate.swift in Sources */ = {isa = PBXBuildFile; fileRef = F0F39BE32728498B0093CEEE /* AppDelegate.swift */; };
		F0F39C2B2728861E0093CEEE /* SceneDelegate.swift in Sources */ = {isa = PBXBuildFile; fileRef = F0F39BE52728498B0093CEEE /* SceneDelegate.swift */; };
		F0F39C2E272886250093CEEE /* Assets.xcassets in Resources */ = {isa = PBXBuildFile; fileRef = F0F39BEC2728498C0093CEEE /* Assets.xcassets */; };
		F0F39C3D27288EFD0093CEEE /* TestData.json in Resources */ = {isa = PBXBuildFile; fileRef = F0F39C3C27288EFD0093CEEE /* TestData.json */; };
/* End PBXBuildFile section */

/* Begin PBXContainerItemProxy section */
		F0F39C0F27287EFE0093CEEE /* PBXContainerItemProxy */ = {
			isa = PBXContainerItemProxy;
			containerPortal = F0F39BD82728498B0093CEEE /* Project object */;
			proxyType = 1;
			remoteGlobalIDString = F0F39BDF2728498B0093CEEE;
			remoteInfo = Acromine;
		};
/* End PBXContainerItemProxy section */

/* Begin PBXFileReference section */
		F0F39BE02728498B0093CEEE /* Acromine.app */ = {isa = PBXFileReference; explicitFileType = wrapper.application; includeInIndex = 0; path = Acromine.app; sourceTree = BUILT_PRODUCTS_DIR; };
		F0F39BE32728498B0093CEEE /* AppDelegate.swift */ = {isa = PBXFileReference; lastKnownFileType = sourcecode.swift; path = AppDelegate.swift; sourceTree = "<group>"; };
		F0F39BE52728498B0093CEEE /* SceneDelegate.swift */ = {isa = PBXFileReference; lastKnownFileType = sourcecode.swift; path = SceneDelegate.swift; sourceTree = "<group>"; };
		F0F39BE72728498B0093CEEE /* AcromineViewController.swift */ = {isa = PBXFileReference; lastKnownFileType = sourcecode.swift; path = AcromineViewController.swift; sourceTree = "<group>"; };
		F0F39BEA2728498B0093CEEE /* Base */ = {isa = PBXFileReference; lastKnownFileType = file.storyboard; name = Base; path = Base.lproj/Main.storyboard; sourceTree = "<group>"; };
		F0F39BEC2728498C0093CEEE /* Assets.xcassets */ = {isa = PBXFileReference; lastKnownFileType = folder.assetcatalog; path = Assets.xcassets; sourceTree = "<group>"; };
		F0F39BEF2728498C0093CEEE /* Base */ = {isa = PBXFileReference; lastKnownFileType = file.storyboard; name = Base; path = Base.lproj/LaunchScreen.storyboard; sourceTree = "<group>"; };
		F0F39BF12728498C0093CEEE /* Info.plist */ = {isa = PBXFileReference; lastKnownFileType = text.plist.xml; path = Info.plist; sourceTree = "<group>"; };
		F0F39BFC27284B9C0093CEEE /* Model.swift */ = {isa = PBXFileReference; lastKnownFileType = sourcecode.swift; path = Model.swift; sourceTree = "<group>"; };
		F0F39C0127285A090093CEEE /* AcromineViewMoel.swift */ = {isa = PBXFileReference; lastKnownFileType = sourcecode.swift; path = AcromineViewMoel.swift; sourceTree = "<group>"; };
		F0F39C0A27287EFE0093CEEE /* AcromineTests.xctest */ = {isa = PBXFileReference; explicitFileType = wrapper.cfbundle; includeInIndex = 0; path = AcromineTests.xctest; sourceTree = BUILT_PRODUCTS_DIR; };
		F0F39C0C27287EFE0093CEEE /* AcromineTests.swift */ = {isa = PBXFileReference; lastKnownFileType = sourcecode.swift; path = AcromineTests.swift; sourceTree = "<group>"; };
		F0F39C0E27287EFE0093CEEE /* Info.plist */ = {isa = PBXFileReference; lastKnownFileType = text.plist.xml; path = Info.plist; sourceTree = "<group>"; };
		F0F39C3C27288EFD0093CEEE /* TestData.json */ = {isa = PBXFileReference; fileEncoding = 4; lastKnownFileType = text.json; path = TestData.json; sourceTree = "<group>"; };
/* End PBXFileReference section */

/* Begin PBXFrameworksBuildPhase section */
		F0F39BDD2728498B0093CEEE /* Frameworks */ = {
			isa = PBXFrameworksBuildPhase;
			buildActionMask = 2147483647;
			files = (
			);
			runOnlyForDeploymentPostprocessing = 0;
		};
		F0F39C0727287EFE0093CEEE /* Frameworks */ = {
			isa = PBXFrameworksBuildPhase;
			buildActionMask = 2147483647;
			files = (
			);
			runOnlyForDeploymentPostprocessing = 0;
		};
/* End PBXFrameworksBuildPhase section */

/* Begin PBXGroup section */
		F0F39BD72728498B0093CEEE = {
			isa = PBXGroup;
			children = (
				F0F39BE22728498B0093CEEE /* Acromine */,
				F0F39C0B27287EFE0093CEEE /* AcromineTests */,
				F0F39BE12728498B0093CEEE /* Products */,
			);
			sourceTree = "<group>";
		};
		F0F39BE12728498B0093CEEE /* Products */ = {
			isa = PBXGroup;
			children = (
				F0F39BE02728498B0093CEEE /* Acromine.app */,
				F0F39C0A27287EFE0093CEEE /* AcromineTests.xctest */,
			);
			name = Products;
			sourceTree = "<group>";
		};
		F0F39BE22728498B0093CEEE /* Acromine */ = {
			isa = PBXGroup;
			children = (
				F0F39BFB27284B5E0093CEEE /* ViewModel */,
				F0F39BFA27284B550093CEEE /* View */,
				F0F39BF927284B410093CEEE /* Model */,
				F0F39BE32728498B0093CEEE /* AppDelegate.swift */,
				F0F39BE52728498B0093CEEE /* SceneDelegate.swift */,
				F0F39BEC2728498C0093CEEE /* Assets.xcassets */,
				F0F39BF12728498C0093CEEE /* Info.plist */,
			);
			path = Acromine;
			sourceTree = "<group>";
		};
		F0F39BF927284B410093CEEE /* Model */ = {
			isa = PBXGroup;
			children = (
				F0F39BFC27284B9C0093CEEE /* Model.swift */,
			);
			path = Model;
			sourceTree = "<group>";
		};
		F0F39BFA27284B550093CEEE /* View */ = {
			isa = PBXGroup;
			children = (
				F0F39BE92728498B0093CEEE /* Main.storyboard */,
				F0F39BEE2728498C0093CEEE /* LaunchScreen.storyboard */,
			);
			path = View;
			sourceTree = "<group>";
		};
		F0F39BFB27284B5E0093CEEE /* ViewModel */ = {
			isa = PBXGroup;
			children = (
				F0F39BE72728498B0093CEEE /* AcromineViewController.swift */,
				F0F39C0127285A090093CEEE /* AcromineViewMoel.swift */,
			);
			path = ViewModel;
			sourceTree = "<group>";
		};
		F0F39C0B27287EFE0093CEEE /* AcromineTests */ = {
			isa = PBXGroup;
			children = (
				F0F39C3C27288EFD0093CEEE /* TestData.json */,
				F0F39C0C27287EFE0093CEEE /* AcromineTests.swift */,
				F0F39C0E27287EFE0093CEEE /* Info.plist */,
			);
			path = AcromineTests;
			sourceTree = "<group>";
		};
/* End PBXGroup section */

/* Begin PBXNativeTarget section */
		F0F39BDF2728498B0093CEEE /* Acromine */ = {
			isa = PBXNativeTarget;
			buildConfigurationList = F0F39BF42728498C0093CEEE /* Build configuration list for PBXNativeTarget "Acromine" */;
			buildPhases = (
				F0F39BDC2728498B0093CEEE /* Sources */,
				F0F39BDD2728498B0093CEEE /* Frameworks */,
				F0F39BDE2728498B0093CEEE /* Resources */,
			);
			buildRules = (
			);
			dependencies = (
			);
			name = Acromine;
			productName = Acromine;
			productReference = F0F39BE02728498B0093CEEE /* Acromine.app */;
			productType = "com.apple.product-type.application";
		};
		F0F39C0927287EFE0093CEEE /* AcromineTests */ = {
			isa = PBXNativeTarget;
			buildConfigurationList = F0F39C1127287EFE0093CEEE /* Build configuration list for PBXNativeTarget "AcromineTests" */;
			buildPhases = (
				F0F39C0627287EFE0093CEEE /* Sources */,
				F0F39C0727287EFE0093CEEE /* Frameworks */,
				F0F39C0827287EFE0093CEEE /* Resources */,
			);
			buildRules = (
			);
			dependencies = (
				F0F39C1027287EFE0093CEEE /* PBXTargetDependency */,
			);
			name = AcromineTests;
			productName = AcromineTests;
			productReference = F0F39C0A27287EFE0093CEEE /* AcromineTests.xctest */;
			productType = "com.apple.product-type.bundle.unit-test";
		};
/* End PBXNativeTarget section */

/* Begin PBXProject section */
		F0F39BD82728498B0093CEEE /* Project object */ = {
			isa = PBXProject;
			attributes = {
				LastSwiftUpdateCheck = 1240;
				LastUpgradeCheck = 1240;
				TargetAttributes = {
					F0F39BDF2728498B0093CEEE = {
						CreatedOnToolsVersion = 12.4;
					};
					F0F39C0927287EFE0093CEEE = {
						CreatedOnToolsVersion = 12.4;
						TestTargetID = F0F39BDF2728498B0093CEEE;
					};
				};
			};
			buildConfigurationList = F0F39BDB2728498B0093CEEE /* Build configuration list for PBXProject "Acromine" */;
			compatibilityVersion = "Xcode 9.3";
			developmentRegion = en;
			hasScannedForEncodings = 0;
			knownRegions = (
				en,
				Base,
			);
			mainGroup = F0F39BD72728498B0093CEEE;
			productRefGroup = F0F39BE12728498B0093CEEE /* Products */;
			projectDirPath = "";
			projectRoot = "";
			targets = (
				F0F39BDF2728498B0093CEEE /* Acromine */,
				F0F39C0927287EFE0093CEEE /* AcromineTests */,
			);
		};
/* End PBXProject section */

/* Begin PBXResourcesBuildPhase section */
		F0F39BDE2728498B0093CEEE /* Resources */ = {
			isa = PBXResourcesBuildPhase;
			buildActionMask = 2147483647;
			files = (
				F0F39BF02728498C0093CEEE /* LaunchScreen.storyboard in Resources */,
				F0F39BED2728498C0093CEEE /* Assets.xcassets in Resources */,
				F0F39BEB2728498B0093CEEE /* Main.storyboard in Resources */,
			);
			runOnlyForDeploymentPostprocessing = 0;
		};
		F0F39C0827287EFE0093CEEE /* Resources */ = {
			isa = PBXResourcesBuildPhase;
			buildActionMask = 2147483647;
			files = (
				F0F39C1F2728860D0093CEEE /* Main.storyboard in Resources */,
				F0F39C2E272886250093CEEE /* Assets.xcassets in Resources */,
				F0F39C22272886110093CEEE /* LaunchScreen.storyboard in Resources */,
				F0F39C3D27288EFD0093CEEE /* TestData.json in Resources */,
			);
			runOnlyForDeploymentPostprocessing = 0;
		};
/* End PBXResourcesBuildPhase section */

/* Begin PBXSourcesBuildPhase section */
		F0F39BDC2728498B0093CEEE /* Sources */ = {
			isa = PBXSourcesBuildPhase;
			buildActionMask = 2147483647;
			files = (
				F0F39BE82728498B0093CEEE /* AcromineViewController.swift in Sources */,
				F0F39C0227285A090093CEEE /* AcromineViewMoel.swift in Sources */,
				F0F39BE42728498B0093CEEE /* AppDelegate.swift in Sources */,
				F0F39BE62728498B0093CEEE /* SceneDelegate.swift in Sources */,
				F0F39BFD27284B9C0093CEEE /* Model.swift in Sources */,
			);
			runOnlyForDeploymentPostprocessing = 0;
		};
		F0F39C0627287EFE0093CEEE /* Sources */ = {
			isa = PBXSourcesBuildPhase;
			buildActionMask = 2147483647;
			files = (
				F0F39C19272886050093CEEE /* AcromineViewController.swift in Sources */,
				F0F39C0D27287EFE0093CEEE /* AcromineTests.swift in Sources */,
				F0F39C1C272886080093CEEE /* AcromineViewMoel.swift in Sources */,
				F0F39C282728861B0093CEEE /* AppDelegate.swift in Sources */,
				F0F39C25272886160093CEEE /* Model.swift in Sources */,
				F0F39C2B2728861E0093CEEE /* SceneDelegate.swift in Sources */,
			);
			runOnlyForDeploymentPostprocessing = 0;
		};
/* End PBXSourcesBuildPhase section */

/* Begin PBXTargetDependency section */
		F0F39C1027287EFE0093CEEE /* PBXTargetDependency */ = {
			isa = PBXTargetDependency;
			target = F0F39BDF2728498B0093CEEE /* Acromine */;
			targetProxy = F0F39C0F27287EFE0093CEEE /* PBXContainerItemProxy */;
		};
/* End PBXTargetDependency section */

/* Begin PBXVariantGroup section */
		F0F39BE92728498B0093CEEE /* Main.storyboard */ = {
			isa = PBXVariantGroup;
			children = (
				F0F39BEA2728498B0093CEEE /* Base */,
			);
			name = Main.storyboard;
			sourceTree = "<group>";
		};
		F0F39BEE2728498C0093CEEE /* LaunchScreen.storyboard */ = {
			isa = PBXVariantGroup;
			children = (
				F0F39BEF2728498C0093CEEE /* Base */,
			);
			name = LaunchScreen.storyboard;
			sourceTree = "<group>";
		};
/* End PBXVariantGroup section */

/* Begin XCBuildConfiguration section */
		F0F39BF22728498C0093CEEE /* Debug */ = {
			isa = XCBuildConfiguration;
			buildSettings = {
				ALWAYS_SEARCH_USER_PATHS = NO;
				CLANG_ANALYZER_NONNULL = YES;
				CLANG_ANALYZER_NUMBER_OBJECT_CONVERSION = YES_AGGRESSIVE;
				CLANG_CXX_LANGUAGE_STANDARD = "gnu++14";
				CLANG_CXX_LIBRARY = "libc++";
				CLANG_ENABLE_MODULES = YES;
				CLANG_ENABLE_OBJC_ARC = YES;
				CLANG_ENABLE_OBJC_WEAK = YES;
				CLANG_WARN_BLOCK_CAPTURE_AUTORELEASING = YES;
				CLANG_WARN_BOOL_CONVERSION = YES;
				CLANG_WARN_COMMA = YES;
				CLANG_WARN_CONSTANT_CONVERSION = YES;
				CLANG_WARN_DEPRECATED_OBJC_IMPLEMENTATIONS = YES;
				CLANG_WARN_DIRECT_OBJC_ISA_USAGE = YES_ERROR;
				CLANG_WARN_DOCUMENTATION_COMMENTS = YES;
				CLANG_WARN_EMPTY_BODY = YES;
				CLANG_WARN_ENUM_CONVERSION = YES;
				CLANG_WARN_INFINITE_RECURSION = YES;
				CLANG_WARN_INT_CONVERSION = YES;
				CLANG_WARN_NON_LITERAL_NULL_CONVERSION = YES;
				CLANG_WARN_OBJC_IMPLICIT_RETAIN_SELF = YES;
				CLANG_WARN_OBJC_LITERAL_CONVERSION = YES;
				CLANG_WARN_OBJC_ROOT_CLASS = YES_ERROR;
				CLANG_WARN_QUOTED_INCLUDE_IN_FRAMEWORK_HEADER = YES;
				CLANG_WARN_RANGE_LOOP_ANALYSIS = YES;
				CLANG_WARN_STRICT_PROTOTYPES = YES;
				CLANG_WARN_SUSPICIOUS_MOVE = YES;
				CLANG_WARN_UNGUARDED_AVAILABILITY = YES_AGGRESSIVE;
				CLANG_WARN_UNREACHABLE_CODE = YES;
				CLANG_WARN__DUPLICATE_METHOD_MATCH = YES;
				COPY_PHASE_STRIP = NO;
				DEBUG_INFORMATION_FORMAT = dwarf;
				ENABLE_STRICT_OBJC_MSGSEND = YES;
				ENABLE_TESTABILITY = YES;
				GCC_C_LANGUAGE_STANDARD = gnu11;
				GCC_DYNAMIC_NO_PIC = NO;
				GCC_NO_COMMON_BLOCKS = YES;
				GCC_OPTIMIZATION_LEVEL = 0;
				GCC_PREPROCESSOR_DEFINITIONS = (
					"DEBUG=1",
					"$(inherited)",
				);
				GCC_WARN_64_TO_32_BIT_CONVERSION = YES;
				GCC_WARN_ABOUT_RETURN_TYPE = YES_ERROR;
				GCC_WARN_UNDECLARED_SELECTOR = YES;
				GCC_WARN_UNINITIALIZED_AUTOS = YES_AGGRESSIVE;
				GCC_WARN_UNUSED_FUNCTION = YES;
				GCC_WARN_UNUSED_VARIABLE = YES;
				IPHONEOS_DEPLOYMENT_TARGET = 14.4;
				MTL_ENABLE_DEBUG_INFO = INCLUDE_SOURCE;
				MTL_FAST_MATH = YES;
				ONLY_ACTIVE_ARCH = YES;
				SDKROOT = iphoneos;
				SWIFT_ACTIVE_COMPILATION_CONDITIONS = DEBUG;
				SWIFT_OPTIMIZATION_LEVEL = "-Onone";
			};
			name = Debug;
		};
		F0F39BF32728498C0093CEEE /* Release */ = {
			isa = XCBuildConfiguration;
			buildSettings = {
				ALWAYS_SEARCH_USER_PATHS = NO;
				CLANG_ANALYZER_NONNULL = YES;
				CLANG_ANALYZER_NUMBER_OBJECT_CONVERSION = YES_AGGRESSIVE;
				CLANG_CXX_LANGUAGE_STANDARD = "gnu++14";
				CLANG_CXX_LIBRARY = "libc++";
				CLANG_ENABLE_MODULES = YES;
				CLANG_ENABLE_OBJC_ARC = YES;
				CLANG_ENABLE_OBJC_WEAK = YES;
				CLANG_WARN_BLOCK_CAPTURE_AUTORELEASING = YES;
				CLANG_WARN_BOOL_CONVERSION = YES;
				CLANG_WARN_COMMA = YES;
				CLANG_WARN_CONSTANT_CONVERSION = YES;
				CLANG_WARN_DEPRECATED_OBJC_IMPLEMENTATIONS = YES;
				CLANG_WARN_DIRECT_OBJC_ISA_USAGE = YES_ERROR;
				CLANG_WARN_DOCUMENTATION_COMMENTS = YES;
				CLANG_WARN_EMPTY_BODY = YES;
				CLANG_WARN_ENUM_CONVERSION = YES;
				CLANG_WARN_INFINITE_RECURSION = YES;
				CLANG_WARN_INT_CONVERSION = YES;
				CLANG_WARN_NON_LITERAL_NULL_CONVERSION = YES;
				CLANG_WARN_OBJC_IMPLICIT_RETAIN_SELF = YES;
				CLANG_WARN_OBJC_LITERAL_CONVERSION = YES;
				CLANG_WARN_OBJC_ROOT_CLASS = YES_ERROR;
				CLANG_WARN_QUOTED_INCLUDE_IN_FRAMEWORK_HEADER = YES;
				CLANG_WARN_RANGE_LOOP_ANALYSIS = YES;
				CLANG_WARN_STRICT_PROTOTYPES = YES;
				CLANG_WARN_SUSPICIOUS_MOVE = YES;
				CLANG_WARN_UNGUARDED_AVAILABILITY = YES_AGGRESSIVE;
				CLANG_WARN_UNREACHABLE_CODE = YES;
				CLANG_WARN__DUPLICATE_METHOD_MATCH = YES;
				COPY_PHASE_STRIP = NO;
				DEBUG_INFORMATION_FORMAT = "dwarf-with-dsym";
				ENABLE_NS_ASSERTIONS = NO;
				ENABLE_STRICT_OBJC_MSGSEND = YES;
				GCC_C_LANGUAGE_STANDARD = gnu11;
				GCC_NO_COMMON_BLOCKS = YES;
				GCC_WARN_64_TO_32_BIT_CONVERSION = YES;
				GCC_WARN_ABOUT_RETURN_TYPE = YES_ERROR;
				GCC_WARN_UNDECLARED_SELECTOR = YES;
				GCC_WARN_UNINITIALIZED_AUTOS = YES_AGGRESSIVE;
				GCC_WARN_UNUSED_FUNCTION = YES;
				GCC_WARN_UNUSED_VARIABLE = YES;
				IPHONEOS_DEPLOYMENT_TARGET = 14.4;
				MTL_ENABLE_DEBUG_INFO = NO;
				MTL_FAST_MATH = YES;
				SDKROOT = iphoneos;
				SWIFT_COMPILATION_MODE = wholemodule;
				SWIFT_OPTIMIZATION_LEVEL = "-O";
				VALIDATE_PRODUCT = YES;
			};
			name = Release;
		};
		F0F39BF52728498C0093CEEE /* Debug */ = {
			isa = XCBuildConfiguration;
			buildSettings = {
				ASSETCATALOG_COMPILER_APPICON_NAME = AppIcon;
				ASSETCATALOG_COMPILER_GLOBAL_ACCENT_COLOR_NAME = AccentColor;
				CODE_SIGN_STYLE = Automatic;
				INFOPLIST_FILE = Acromine/Info.plist;
				LD_RUNPATH_SEARCH_PATHS = (
					"$(inherited)",
					"@executable_path/Frameworks",
				);
				PRODUCT_BUNDLE_IDENTIFIER = nsn.Acromine;
				PRODUCT_NAME = "$(TARGET_NAME)";
				SWIFT_VERSION = 5.0;
				TARGETED_DEVICE_FAMILY = "1,2";
			};
			name = Debug;
		};
		F0F39BF62728498C0093CEEE /* Release */ = {
			isa = XCBuildConfiguration;
			buildSettings = {
				ASSETCATALOG_COMPILER_APPICON_NAME = AppIcon;
				ASSETCATALOG_COMPILER_GLOBAL_ACCENT_COLOR_NAME = AccentColor;
				CODE_SIGN_STYLE = Automatic;
				INFOPLIST_FILE = Acromine/Info.plist;
				LD_RUNPATH_SEARCH_PATHS = (
					"$(inherited)",
					"@executable_path/Frameworks",
				);
				PRODUCT_BUNDLE_IDENTIFIER = nsn.Acromine;
				PRODUCT_NAME = "$(TARGET_NAME)";
				SWIFT_VERSION = 5.0;
				TARGETED_DEVICE_FAMILY = "1,2";
			};
			name = Release;
		};
		F0F39C1227287EFE0093CEEE /* Debug */ = {
			isa = XCBuildConfiguration;
			buildSettings = {
				BUNDLE_LOADER = "$(TEST_HOST)";
				CODE_SIGN_STYLE = Automatic;
				INFOPLIST_FILE = AcromineTests/Info.plist;
				LD_RUNPATH_SEARCH_PATHS = (
					"$(inherited)",
					"@executable_path/Frameworks",
					"@loader_path/Frameworks",
				);
				PRODUCT_BUNDLE_IDENTIFIER = nsn.AcromineTests;
				PRODUCT_NAME = "$(TARGET_NAME)";
				SWIFT_VERSION = 5.0;
				TARGETED_DEVICE_FAMILY = "1,2";
				TEST_HOST = "$(BUILT_PRODUCTS_DIR)/Acromine.app/Acromine";
			};
			name = Debug;
		};
		F0F39C1327287EFE0093CEEE /* Release */ = {
			isa = XCBuildConfiguration;
			buildSettings = {
				BUNDLE_LOADER = "$(TEST_HOST)";
				CODE_SIGN_STYLE = Automatic;
				INFOPLIST_FILE = AcromineTests/Info.plist;
				LD_RUNPATH_SEARCH_PATHS = (
					"$(inherited)",
					"@executable_path/Frameworks",
					"@loader_path/Frameworks",
				);
				PRODUCT_BUNDLE_IDENTIFIER = nsn.AcromineTests;
				PRODUCT_NAME = "$(TARGET_NAME)";
				SWIFT_VERSION = 5.0;
				TARGETED_DEVICE_FAMILY = "1,2";
				TEST_HOST = "$(BUILT_PRODUCTS_DIR)/Acromine.app/Acromine";
			};
			name = Release;
		};
/* End XCBuildConfiguration section */

/* Begin XCConfigurationList section */
		F0F39BDB2728498B0093CEEE /* Build configuration list for PBXProject "Acromine" */ = {
			isa = XCConfigurationList;
			buildConfigurations = (
				F0F39BF22728498C0093CEEE /* Debug */,
				F0F39BF32728498C0093CEEE /* Release */,
			);
			defaultConfigurationIsVisible = 0;
			defaultConfigurationName = Release;
		};
		F0F39BF42728498C0093CEEE /* Build configuration list for PBXNativeTarget "Acromine" */ = {
			isa = XCConfigurationList;
			buildConfigurations = (
				F0F39BF52728498C0093CEEE /* Debug */,
				F0F39BF62728498C0093CEEE /* Release */,
			);
			defaultConfigurationIsVisible = 0;
			defaultConfigurationName = Release;
		};
		F0F39C1127287EFE0093CEEE /* Build configuration list for PBXNativeTarget "AcromineTests" */ = {
			isa = XCConfigurationList;
			buildConfigurations = (
				F0F39C1227287EFE0093CEEE /* Debug */,
				F0F39C1327287EFE0093CEEE /* Release */,
			);
			defaultConfigurationIsVisible = 0;
			defaultConfigurationName = Release;
		};
/* End XCConfigurationList section */
	};
	rootObject = F0F39BD82728498B0093CEEE /* Project object */;
}
